
Microsoft Visual Studio Solution File, Format Version 12.00
# Visual Studio 14
VisualStudioVersion = 14.0.25420.1
MinimumVisualStudioVersion = 10.0.40219.1
Project("{FAE04EC0-301F-11D3-BF4B-00C04F79EFBC}") = "Calculator2", "Calculator2\Calculator2\Calculator2.csproj", "{78B8A1CF-F73C-430D-8209-85FF8B34B9E8}"
EndProject
Project("{FAE04EC0-301F-11D3-BF4B-00C04F79EFBC}") = "Calculator2.Droid", "Calculator2\Calculator2.Droid\Calculator2.Droid.csproj", "{56A0322A-BF47-4AEB-9B1F-58D69462520F}"
EndProject
Project("{FAE04EC0-301F-11D3-BF4B-00C04F79EFBC}") = "Calculator2.iOS", "Calculator2\Calculator2.iOS\Calculator2.iOS.csproj", "{419F621C-171F-406E-855C-A19A1FACF9FD}"
EndProject
Project("{FAE04EC0-301F-11D3-BF4B-00C04F79EFBC}") = "Calculator2.WinPhone", "Calculator2\Calculator2.WinPhone\Calculator2.WinPhone.csproj", "{038291EA-4F1A-48A7-9484-4EC9C9A77A87}"
EndProject
Project("{FAE04EC0-301F-11D3-BF4B-00C04F79EFBC}") = "Calculator2.Windows", "Calculator2\Calculator2.Windows\Calculator2.Windows.csproj", "{74C4795C-CAD8-42E8-A678-8B5A614799D7}"
EndProject
Global
	GlobalSection(SolutionConfigurationPlatforms) = preSolution
		Ad-Hoc|Any CPU = Ad-Hoc|Any CPU
		Ad-Hoc|ARM = Ad-Hoc|ARM
		Ad-Hoc|iPhone = Ad-Hoc|iPhone
		Ad-Hoc|iPhoneSimulator = Ad-Hoc|iPhoneSimulator
		Ad-Hoc|x64 = Ad-Hoc|x64
		Ad-Hoc|x86 = Ad-Hoc|x86
		AppStore|Any CPU = AppStore|Any CPU
		AppStore|ARM = AppStore|ARM
		AppStore|iPhone = AppStore|iPhone
		AppStore|iPhoneSimulator = AppStore|iPhoneSimulator
		AppStore|x64 = AppStore|x64
		AppStore|x86 = AppStore|x86
		Debug|Any CPU = Debug|Any CPU
		Debug|ARM = Debug|ARM
		Debug|iPhone = Debug|iPhone
		Debug|iPhoneSimulator = Debug|iPhoneSimulator
		Debug|x64 = Debug|x64
		Debug|x86 = Debug|x86
		Release|Any CPU = Release|Any CPU
		Release|ARM = Release|ARM
		Release|iPhone = Release|iPhone
		Release|iPhoneSimulator = Release|iPhoneSimulator
		Release|x64 = Release|x64
		Release|x86 = Release|x86
	EndGlobalSection
	GlobalSection(ProjectConfigurationPlatforms) = postSolution
		{78B8A1CF-F73C-430D-8209-85FF8B34B9E8}.Ad-Hoc|Any CPU.ActiveCfg = Release|Any CPU
		{78B8A1CF-F73C-430D-8209-85FF8B34B9E8}.Ad-Hoc|Any CPU.Build.0 = Release|Any CPU
		{78B8A1CF-F73C-430D-8209-85FF8B34B9E8}.Ad-Hoc|ARM.ActiveCfg = Release|Any CPU
		{78B8A1CF-F73C-430D-8209-85FF8B34B9E8}.Ad-Hoc|ARM.Build.0 = Release|Any CPU
		{78B8A1CF-F73C-430D-8209-85FF8B34B9E8}.Ad-Hoc|iPhone.ActiveCfg = Release|Any CPU
		{78B8A1CF-F73C-430D-8209-85FF8B34B9E8}.Ad-Hoc|iPhone.Build.0 = Release|Any CPU
		{78B8A1CF-F73C-430D-8209-85FF8B34B9E8}.Ad-Hoc|iPhoneSimulator.ActiveCfg = Release|Any CPU
		{78B8A1CF-F73C-430D-8209-85FF8B34B9E8}.Ad-Hoc|iPhoneSimulator.Build.0 = Release|Any CPU
		{78B8A1CF-F73C-430D-8209-85FF8B34B9E8}.Ad-Hoc|x64.ActiveCfg = Release|Any CPU
		{78B8A1CF-F73C-430D-8209-85FF8B34B9E8}.Ad-Hoc|x64.Build.0 = Release|Any CPU
		{78B8A1CF-F73C-430D-8209-85FF8B34B9E8}.Ad-Hoc|x86.ActiveCfg = Release|Any CPU
		{78B8A1CF-F73C-430D-8209-85FF8B34B9E8}.Ad-Hoc|x86.Build.0 = Release|Any CPU
		{78B8A1CF-F73C-430D-8209-85FF8B34B9E8}.AppStore|Any CPU.ActiveCfg = Release|Any CPU
		{78B8A1CF-F73C-430D-8209-85FF8B34B9E8}.AppStore|Any CPU.Build.0 = Release|Any CPU
		{78B8A1CF-F73C-430D-8209-85FF8B34B9E8}.AppStore|ARM.ActiveCfg = Release|Any CPU
		{78B8A1CF-F73C-430D-8209-85FF8B34B9E8}.AppStore|ARM.Build.0 = Release|Any CPU
		{78B8A1CF-F73C-430D-8209-85FF8B34B9E8}.AppStore|iPhone.ActiveCfg = Release|Any CPU
		{78B8A1CF-F73C-430D-8209-85FF8B34B9E8}.AppStore|iPhone.Build.0 = Release|Any CPU
		{78B8A1CF-F73C-430D-8209-85FF8B34B9E8}.AppStore|iPhoneSimulator.ActiveCfg = Release|Any CPU
		{78B8A1CF-F73C-430D-8209-85FF8B34B9E8}.AppStore|iPhoneSimulator.Build.0 = Release|Any CPU
		{78B8A1CF-F73C-430D-8209-85FF8B34B9E8}.AppStore|x64.ActiveCfg = Release|Any CPU
		{78B8A1CF-F73C-430D-8209-85FF8B34B9E8}.AppStore|x64.Build.0 = Release|Any CPU
		{78B8A1CF-F73C-430D-8209-85FF8B34B9E8}.AppStore|x86.ActiveCfg = Release|Any CPU
		{78B8A1CF-F73C-430D-8209-85FF8B34B9E8}.AppStore|x86.Build.0 = Release|Any CPU
		{78B8A1CF-F73C-430D-8209-85FF8B34B9E8}.Debug|Any CPU.ActiveCfg = Debug|Any CPU
		{78B8A1CF-F73C-430D-8209-85FF8B34B9E8}.Debug|Any CPU.Build.0 = Debug|Any CPU
		{78B8A1CF-F73C-430D-8209-85FF8B34B9E8}.Debug|ARM.ActiveCfg = Debug|Any CPU
		{78B8A1CF-F73C-430D-8209-85FF8B34B9E8}.Debug|ARM.Build.0 = Debug|Any CPU
		{78B8A1CF-F73C-430D-8209-85FF8B34B9E8}.Debug|iPhone.ActiveCfg = Debug|Any CPU
		{78B8A1CF-F73C-430D-8209-85FF8B34B9E8}.Debug|iPhone.Build.0 = Debug|Any CPU
		{78B8A1CF-F73C-430D-8209-85FF8B34B9E8}.Debug|iPhoneSimulator.ActiveCfg = Debug|Any CPU
		{78B8A1CF-F73C-430D-8209-85FF8B34B9E8}.Debug|iPhoneSimulator.Build.0 = Debug|Any CPU
		{78B8A1CF-F73C-430D-8209-85FF8B34B9E8}.Debug|x64.ActiveCfg = Debug|Any CPU
		{78B8A1CF-F73C-430D-8209-85FF8B34B9E8}.Debug|x64.Build.0 = Debug|Any CPU
		{78B8A1CF-F73C-430D-8209-85FF8B34B9E8}.Debug|x86.ActiveCfg = Debug|Any CPU
		{78B8A1CF-F73C-430D-8209-85FF8B34B9E8}.Debug|x86.Build.0 = Debug|Any CPU
		{78B8A1CF-F73C-430D-8209-85FF8B34B9E8}.Release|Any CPU.ActiveCfg = Release|Any CPU
		{78B8A1CF-F73C-430D-8209-85FF8B34B9E8}.Release|Any CPU.Build.0 = Release|Any CPU
		{78B8A1CF-F73C-430D-8209-85FF8B34B9E8}.Release|ARM.ActiveCfg = Release|Any CPU
		{78B8A1CF-F73C-430D-8209-85FF8B34B9E8}.Release|ARM.Build.0 = Release|Any CPU
		{78B8A1CF-F73C-430D-8209-85FF8B34B9E8}.Release|iPhone.ActiveCfg = Release|Any CPU
		{78B8A1CF-F73C-430D-8209-85FF8B34B9E8}.Release|iPhone.Build.0 = Release|Any CPU
		{78B8A1CF-F73C-430D-8209-85FF8B34B9E8}.Release|iPhoneSimulator.ActiveCfg = Release|Any CPU
		{78B8A1CF-F73C-430D-8209-85FF8B34B9E8}.Release|iPhoneSimulator.Build.0 = Release|Any CPU
		{78B8A1CF-F73C-430D-8209-85FF8B34B9E8}.Release|x64.ActiveCfg = Release|Any CPU
		{78B8A1CF-F73C-430D-8209-85FF8B34B9E8}.Release|x64.Build.0 = Release|Any CPU
		{78B8A1CF-F73C-430D-8209-85FF8B34B9E8}.Release|x86.ActiveCfg = Release|Any CPU
		{78B8A1CF-F73C-430D-8209-85FF8B34B9E8}.Release|x86.Build.0 = Release|Any CPU
		{56A0322A-BF47-4AEB-9B1F-58D69462520F}.Ad-Hoc|Any CPU.ActiveCfg = Release|Any CPU
		{56A0322A-BF47-4AEB-9B1F-58D69462520F}.Ad-Hoc|Any CPU.Build.0 = Release|Any CPU
		{56A0322A-BF47-4AEB-9B1F-58D69462520F}.Ad-Hoc|Any CPU.Deploy.0 = Release|Any CPU
		{56A0322A-BF47-4AEB-9B1F-58D69462520F}.Ad-Hoc|ARM.ActiveCfg = Release|Any CPU
		{56A0322A-BF47-4AEB-9B1F-58D69462520F}.Ad-Hoc|ARM.Build.0 = Release|Any CPU
		{56A0322A-BF47-4AEB-9B1F-58D69462520F}.Ad-Hoc|ARM.Deploy.0 = Release|Any CPU
		{56A0322A-BF47-4AEB-9B1F-58D69462520F}.Ad-Hoc|iPhone.ActiveCfg = Release|Any CPU
		{56A0322A-BF47-4AEB-9B1F-58D69462520F}.Ad-Hoc|iPhone.Build.0 = Release|Any CPU
		{56A0322A-BF47-4AEB-9B1F-58D69462520F}.Ad-Hoc|iPhone.Deploy.0 = Release|Any CPU
		{56A0322A-BF47-4AEB-9B1F-58D69462520F}.Ad-Hoc|iPhoneSimulator.ActiveCfg = Release|Any CPU
		{56A0322A-BF47-4AEB-9B1F-58D69462520F}.Ad-Hoc|iPhoneSimulator.Build.0 = Release|Any CPU
		{56A0322A-BF47-4AEB-9B1F-58D69462520F}.Ad-Hoc|iPhoneSimulator.Deploy.0 = Release|Any CPU
		{56A0322A-BF47-4AEB-9B1F-58D69462520F}.Ad-Hoc|x64.ActiveCfg = Release|Any CPU
		{56A0322A-BF47-4AEB-9B1F-58D69462520F}.Ad-Hoc|x64.Build.0 = Release|Any CPU
		{56A0322A-BF47-4AEB-9B1F-58D69462520F}.Ad-Hoc|x64.Deploy.0 = Release|Any CPU
		{56A0322A-BF47-4AEB-9B1F-58D69462520F}.Ad-Hoc|x86.ActiveCfg = Release|Any CPU
		{56A0322A-BF47-4AEB-9B1F-58D69462520F}.Ad-Hoc|x86.Build.0 = Release|Any CPU
		{56A0322A-BF47-4AEB-9B1F-58D69462520F}.Ad-Hoc|x86.Deploy.0 = Release|Any CPU
		{56A0322A-BF47-4AEB-9B1F-58D69462520F}.AppStore|Any CPU.ActiveCfg = Release|Any CPU
		{56A0322A-BF47-4AEB-9B1F-58D69462520F}.AppStore|Any CPU.Build.0 = Release|Any CPU
		{56A0322A-BF47-4AEB-9B1F-58D69462520F}.AppStore|Any CPU.Deploy.0 = Release|Any CPU
		{56A0322A-BF47-4AEB-9B1F-58D69462520F}.AppStore|ARM.ActiveCfg = Release|Any CPU
		{56A0322A-BF47-4AEB-9B1F-58D69462520F}.AppStore|ARM.Build.0 = Release|Any CPU
		{56A0322A-BF47-4AEB-9B1F-58D69462520F}.AppStore|ARM.Deploy.0 = Release|Any CPU
		{56A0322A-BF47-4AEB-9B1F-58D69462520F}.AppStore|iPhone.ActiveCfg = Release|Any CPU
		{56A0322A-BF47-4AEB-9B1F-58D69462520F}.AppStore|iPhone.Build.0 = Release|Any CPU
		{56A0322A-BF47-4AEB-9B1F-58D69462520F}.AppStore|iPhone.Deploy.0 = Release|Any CPU
		{56A0322A-BF47-4AEB-9B1F-58D69462520F}.AppStore|iPhoneSimulator.ActiveCfg = Release|Any CPU
		{56A0322A-BF47-4AEB-9B1F-58D69462520F}.AppStore|iPhoneSimulator.Build.0 = Release|Any CPU
		{56A0322A-BF47-4AEB-9B1F-58D69462520F}.AppStore|iPhoneSimulator.Deploy.0 = Release|Any CPU
		{56A0322A-BF47-4AEB-9B1F-58D69462520F}.AppStore|x64.ActiveCfg = Release|Any CPU
		{56A0322A-BF47-4AEB-9B1F-58D69462520F}.AppStore|x64.Build.0 = Release|Any CPU
		{56A0322A-BF47-4AEB-9B1F-58D69462520F}.AppStore|x64.Deploy.0 = Release|Any CPU
		{56A0322A-BF47-4AEB-9B1F-58D69462520F}.AppStore|x86.ActiveCfg = Release|Any CPU
		{56A0322A-BF47-4AEB-9B1F-58D69462520F}.AppStore|x86.Build.0 = Release|Any CPU
		{56A0322A-BF47-4AEB-9B1F-58D69462520F}.AppStore|x86.Deploy.0 = Release|Any CPU
		{56A0322A-BF47-4AEB-9B1F-58D69462520F}.Debug|Any CPU.ActiveCfg = Debug|Any CPU
		{56A0322A-BF47-4AEB-9B1F-58D69462520F}.Debug|Any CPU.Build.0 = Debug|Any CPU
		{56A0322A-BF47-4AEB-9B1F-58D69462520F}.Debug|Any CPU.Deploy.0 = Debug|Any CPU
		{56A0322A-BF47-4AEB-9B1F-58D69462520F}.Debug|ARM.ActiveCfg = Debug|Any CPU
		{56A0322A-BF47-4AEB-9B1F-58D69462520F}.Debug|ARM.Build.0 = Debug|Any CPU
		{56A0322A-BF47-4AEB-9B1F-58D69462520F}.Debug|ARM.Deploy.0 = Debug|Any CPU
		{56A0322A-BF47-4AEB-9B1F-58D69462520F}.Debug|iPhone.ActiveCfg = Debug|Any CPU
		{56A0322A-BF47-4AEB-9B1F-58D69462520F}.Debug|iPhone.Build.0 = Debug|Any CPU
		{56A0322A-BF47-4AEB-9B1F-58D69462520F}.Debug|iPhone.Deploy.0 = Debug|Any CPU
		{56A0322A-BF47-4AEB-9B1F-58D69462520F}.Debug|iPhoneSimulator.ActiveCfg = Debug|Any CPU
		{56A0322A-BF47-4AEB-9B1F-58D69462520F}.Debug|iPhoneSimulator.Build.0 = Debug|Any CPU
		{56A0322A-BF47-4AEB-9B1F-58D69462520F}.Debug|iPhoneSimulator.Deploy.0 = Debug|Any CPU
		{56A0322A-BF47-4AEB-9B1F-58D69462520F}.Debug|x64.ActiveCfg = Debug|Any CPU
		{56A0322A-BF47-4AEB-9B1F-58D69462520F}.Debug|x64.Build.0 = Debug|Any CPU
		{56A0322A-BF47-4AEB-9B1F-58D69462520F}.Debug|x64.Deploy.0 = Debug|Any CPU
		{56A0322A-BF47-4AEB-9B1F-58D69462520F}.Debug|x86.ActiveCfg = Debug|Any CPU
		{56A0322A-BF47-4AEB-9B1F-58D69462520F}.Debug|x86.Build.0 = Debug|Any CPU
		{56A0322A-BF47-4AEB-9B1F-58D69462520F}.Debug|x86.Deploy.0 = Debug|Any CPU
		{56A0322A-BF47-4AEB-9B1F-58D69462520F}.Release|Any CPU.ActiveCfg = Release|Any CPU
		{56A0322A-BF47-4AEB-9B1F-58D69462520F}.Release|Any CPU.Build.0 = Release|Any CPU
		{56A0322A-BF47-4AEB-9B1F-58D69462520F}.Release|Any CPU.Deploy.0 = Release|Any CPU
		{56A0322A-BF47-4AEB-9B1F-58D69462520F}.Release|ARM.ActiveCfg = Release|Any CPU
		{56A0322A-BF47-4AEB-9B1F-58D69462520F}.Release|ARM.Build.0 = Release|Any CPU
		{56A0322A-BF47-4AEB-9B1F-58D69462520F}.Release|ARM.Deploy.0 = Release|Any CPU
		{56A0322A-BF47-4AEB-9B1F-58D69462520F}.Release|iPhone.ActiveCfg = Release|Any CPU
		{56A0322A-BF47-4AEB-9B1F-58D69462520F}.Release|iPhone.Build.0 = Release|Any CPU
		{56A0322A-BF47-4AEB-9B1F-58D69462520F}.Release|iPhone.Deploy.0 = Release|Any CPU
		{56A0322A-BF47-4AEB-9B1F-58D69462520F}.Release|iPhoneSimulator.ActiveCfg = Release|Any CPU
		{56A0322A-BF47-4AEB-9B1F-58D69462520F}.Release|iPhoneSimulator.Build.0 = Release|Any CPU
		{56A0322A-BF47-4AEB-9B1F-58D69462520F}.Release|iPhoneSimulator.Deploy.0 = Release|Any CPU
		{56A0322A-BF47-4AEB-9B1F-58D69462520F}.Release|x64.ActiveCfg = Release|Any CPU
		{56A0322A-BF47-4AEB-9B1F-58D69462520F}.Release|x64.Build.0 = Release|Any CPU
		{56A0322A-BF47-4AEB-9B1F-58D69462520F}.Release|x64.Deploy.0 = Release|Any CPU
		{56A0322A-BF47-4AEB-9B1F-58D69462520F}.Release|x86.ActiveCfg = Release|Any CPU
		{56A0322A-BF47-4AEB-9B1F-58D69462520F}.Release|x86.Build.0 = Release|Any CPU
		{56A0322A-BF47-4AEB-9B1F-58D69462520F}.Release|x86.Deploy.0 = Release|Any CPU
		{419F621C-171F-406E-855C-A19A1FACF9FD}.Ad-Hoc|Any CPU.ActiveCfg = Ad-Hoc|iPhone
		{419F621C-171F-406E-855C-A19A1FACF9FD}.Ad-Hoc|ARM.ActiveCfg = Ad-Hoc|iPhone
		{419F621C-171F-406E-855C-A19A1FACF9FD}.Ad-Hoc|iPhone.ActiveCfg = Ad-Hoc|iPhone
		{419F621C-171F-406E-855C-A19A1FACF9FD}.Ad-Hoc|iPhone.Build.0 = Ad-Hoc|iPhone
		{419F621C-171F-406E-855C-A19A1FACF9FD}.Ad-Hoc|iPhoneSimulator.ActiveCfg = Ad-Hoc|iPhoneSimulator
		{419F621C-171F-406E-855C-A19A1FACF9FD}.Ad-Hoc|iPhoneSimulator.Build.0 = Ad-Hoc|iPhoneSimulator
		{419F621C-171F-406E-855C-A19A1FACF9FD}.Ad-Hoc|x64.ActiveCfg = Ad-Hoc|iPhone
		{419F621C-171F-406E-855C-A19A1FACF9FD}.Ad-Hoc|x86.ActiveCfg = Ad-Hoc|iPhone
		{419F621C-171F-406E-855C-A19A1FACF9FD}.AppStore|Any CPU.ActiveCfg = AppStore|iPhone
		{419F621C-171F-406E-855C-A19A1FACF9FD}.AppStore|ARM.ActiveCfg = AppStore|iPhone
		{419F621C-171F-406E-855C-A19A1FACF9FD}.AppStore|iPhone.ActiveCfg = AppStore|iPhone
		{419F621C-171F-406E-855C-A19A1FACF9FD}.AppStore|iPhone.Build.0 = AppStore|iPhone
		{419F621C-171F-406E-855C-A19A1FACF9FD}.AppStore|iPhoneSimulator.ActiveCfg = AppStore|iPhoneSimulator
		{419F621C-171F-406E-855C-A19A1FACF9FD}.AppStore|iPhoneSimulator.Build.0 = AppStore|iPhoneSimulator
		{419F621C-171F-406E-855C-A19A1FACF9FD}.AppStore|x64.ActiveCfg = AppStore|iPhone
		{419F621C-171F-406E-855C-A19A1FACF9FD}.AppStore|x86.ActiveCfg = AppStore|iPhone
		{419F621C-171F-406E-855C-A19A1FACF9FD}.Debug|Any CPU.ActiveCfg = Debug|iPhone
		{419F621C-171F-406E-855C-A19A1FACF9FD}.Debug|ARM.ActiveCfg = Debug|iPhone
		{419F621C-171F-406E-855C-A19A1FACF9FD}.Debug|iPhone.ActiveCfg = Debug|iPhone
		{419F621C-171F-406E-855C-A19A1FACF9FD}.Debug|iPhone.Build.0 = Debug|iPhone
		{419F621C-171F-406E-855C-A19A1FACF9FD}.Debug|iPhoneSimulator.ActiveCfg = Debug|iPhoneSimulator
		{419F621C-171F-406E-855C-A19A1FACF9FD}.Debug|iPhoneSimulator.Build.0 = Debug|iPhoneSimulator
		{419F621C-171F-406E-855C-A19A1FACF9FD}.Debug|x64.ActiveCfg = Debug|iPhone
		{419F621C-171F-406E-855C-A19A1FACF9FD}.Debug|x86.ActiveCfg = Debug|iPhone
		{419F621C-171F-406E-855C-A19A1FACF9FD}.Release|Any CPU.ActiveCfg = Release|iPhone
		{419F621C-171F-406E-855C-A19A1FACF9FD}.Release|ARM.ActiveCfg = Release|iPhone
		{419F621C-171F-406E-855C-A19A1FACF9FD}.Release|iPhone.ActiveCfg = Release|iPhone
		{419F621C-171F-406E-855C-A19A1FACF9FD}.Release|iPhone.Build.0 = Release|iPhone
		{419F621C-171F-406E-855C-A19A1FACF9FD}.Release|iPhoneSimulator.ActiveCfg = Release|iPhoneSimulator
		{419F621C-171F-406E-855C-A19A1FACF9FD}.Release|iPhoneSimulator.Build.0 = Release|iPhoneSimulator
		{419F621C-171F-406E-855C-A19A1FACF9FD}.Release|x64.ActiveCfg = Release|iPhone
		{419F621C-171F-406E-855C-A19A1FACF9FD}.Release|x86.ActiveCfg = Release|iPhone
		{038291EA-4F1A-48A7-9484-4EC9C9A77A87}.Ad-Hoc|Any CPU.ActiveCfg = Release|Any CPU
		{038291EA-4F1A-48A7-9484-4EC9C9A77A87}.Ad-Hoc|Any CPU.Build.0 = Release|Any CPU
		{038291EA-4F1A-48A7-9484-4EC9C9A77A87}.Ad-Hoc|Any CPU.Deploy.0 = Release|Any CPU
		{038291EA-4F1A-48A7-9484-4EC9C9A77A87}.Ad-Hoc|ARM.ActiveCfg = Release|ARM
		{038291EA-4F1A-48A7-9484-4EC9C9A77A87}.Ad-Hoc|ARM.Build.0 = Release|ARM
		{038291EA-4F1A-48A7-9484-4EC9C9A77A87}.Ad-Hoc|ARM.Deploy.0 = Release|ARM
		{038291EA-4F1A-48A7-9484-4EC9C9A77A87}.Ad-Hoc|iPhone.ActiveCfg = Release|Any CPU
		{038291EA-4F1A-48A7-9484-4EC9C9A77A87}.Ad-Hoc|iPhone.Build.0 = Release|Any CPU
		{038291EA-4F1A-48A7-9484-4EC9C9A77A87}.Ad-Hoc|iPhone.Deploy.0 = Release|Any CPU
		{038291EA-4F1A-48A7-9484-4EC9C9A77A87}.Ad-Hoc|iPhoneSimulator.ActiveCfg = Release|Any CPU
		{038291EA-4F1A-48A7-9484-4EC9C9A77A87}.Ad-Hoc|iPhoneSimulator.Build.0 = Release|Any CPU
		{038291EA-4F1A-48A7-9484-4EC9C9A77A87}.Ad-Hoc|iPhoneSimulator.Deploy.0 = Release|Any CPU
		{038291EA-4F1A-48A7-9484-4EC9C9A77A87}.Ad-Hoc|x64.ActiveCfg = Release|Any CPU
		{038291EA-4F1A-48A7-9484-4EC9C9A77A87}.Ad-Hoc|x64.Build.0 = Release|Any CPU
		{038291EA-4F1A-48A7-9484-4EC9C9A77A87}.Ad-Hoc|x64.Deploy.0 = Release|Any CPU
		{038291EA-4F1A-48A7-9484-4EC9C9A77A87}.Ad-Hoc|x86.ActiveCfg = Release|x86
		{038291EA-4F1A-48A7-9484-4EC9C9A77A87}.Ad-Hoc|x86.Build.0 = Release|x86
		{038291EA-4F1A-48A7-9484-4EC9C9A77A87}.Ad-Hoc|x86.Deploy.0 = Release|x86
		{038291EA-4F1A-48A7-9484-4EC9C9A77A87}.AppStore|Any CPU.ActiveCfg = Release|Any CPU
		{038291EA-4F1A-48A7-9484-4EC9C9A77A87}.AppStore|Any CPU.Build.0 = Release|Any CPU
		{038291EA-4F1A-48A7-9484-4EC9C9A77A87}.AppStore|Any CPU.Deploy.0 = Release|Any CPU
		{038291EA-4F1A-48A7-9484-4EC9C9A77A87}.AppStore|ARM.ActiveCfg = Release|ARM
		{038291EA-4F1A-48A7-9484-4EC9C9A77A87}.AppStore|ARM.Build.0 = Release|ARM
		{038291EA-4F1A-48A7-9484-4EC9C9A77A87}.AppStore|ARM.Deploy.0 = Release|ARM
		{038291EA-4F1A-48A7-9484-4EC9C9A77A87}.AppStore|iPhone.ActiveCfg = Release|Any CPU
		{038291EA-4F1A-48A7-9484-4EC9C9A77A87}.AppStore|iPhone.Build.0 = Release|Any CPU
		{038291EA-4F1A-48A7-9484-4EC9C9A77A87}.AppStore|iPhone.Deploy.0 = Release|Any CPU
		{038291EA-4F1A-48A7-9484-4EC9C9A77A87}.AppStore|iPhoneSimulator.ActiveCfg = Release|Any CPU
		{038291EA-4F1A-48A7-9484-4EC9C9A77A87}.AppStore|iPhoneSimulator.Build.0 = Release|Any CPU
		{038291EA-4F1A-48A7-9484-4EC9C9A77A87}.AppStore|iPhoneSimulator.Deploy.0 = Release|Any CPU
		{038291EA-4F1A-48A7-9484-4EC9C9A77A87}.AppStore|x64.ActiveCfg = Release|Any CPU
		{038291EA-4F1A-48A7-9484-4EC9C9A77A87}.AppStore|x64.Build.0 = Release|Any CPU
		{038291EA-4F1A-48A7-9484-4EC9C9A77A87}.AppStore|x64.Deploy.0 = Release|Any CPU
		{038291EA-4F1A-48A7-9484-4EC9C9A77A87}.AppStore|x86.ActiveCfg = Release|x86
		{038291EA-4F1A-48A7-9484-4EC9C9A77A87}.AppStore|x86.Build.0 = Release|x86
		{038291EA-4F1A-48A7-9484-4EC9C9A77A87}.AppStore|x86.Deploy.0 = Release|x86
		{038291EA-4F1A-48A7-9484-4EC9C9A77A87}.Debug|Any CPU.ActiveCfg = Debug|Any CPU
		{038291EA-4F1A-48A7-9484-4EC9C9A77A87}.Debug|Any CPU.Build.0 = Debug|Any CPU
		{038291EA-4F1A-48A7-9484-4EC9C9A77A87}.Debug|Any CPU.Deploy.0 = Debug|Any CPU
		{038291EA-4F1A-48A7-9484-4EC9C9A77A87}.Debug|ARM.ActiveCfg = Debug|ARM
		{038291EA-4F1A-48A7-9484-4EC9C9A77A87}.Debug|ARM.Build.0 = Debug|ARM
		{038291EA-4F1A-48A7-9484-4EC9C9A77A87}.Debug|ARM.Deploy.0 = Debug|ARM
		{038291EA-4F1A-48A7-9484-4EC9C9A77A87}.Debug|iPhone.ActiveCfg = Debug|Any CPU
		{038291EA-4F1A-48A7-9484-4EC9C9A77A87}.Debug|iPhone.Build.0 = Debug|Any CPU
		{038291EA-4F1A-48A7-9484-4EC9C9A77A87}.Debug|iPhone.Deploy.0 = Debug|Any CPU
		{038291EA-4F1A-48A7-9484-4EC9C9A77A87}.Debug|iPhoneSimulator.ActiveCfg = Debug|Any CPU
		{038291EA-4F1A-48A7-9484-4EC9C9A77A87}.Debug|iPhoneSimulator.Build.0 = Debug|Any CPU
		{038291EA-4F1A-48A7-9484-4EC9C9A77A87}.Debug|iPhoneSimulator.Deploy.0 = Debug|Any CPU
		{038291EA-4F1A-48A7-9484-4EC9C9A77A87}.Debug|x64.ActiveCfg = Debug|Any CPU
		{038291EA-4F1A-48A7-9484-4EC9C9A77A87}.Debug|x64.Build.0 = Debug|Any CPU
		{038291EA-4F1A-48A7-9484-4EC9C9A77A87}.Debug|x64.Deploy.0 = Debug|Any CPU
		{038291EA-4F1A-48A7-9484-4EC9C9A77A87}.Debug|x86.ActiveCfg = Debug|x86
		{038291EA-4F1A-48A7-9484-4EC9C9A77A87}.Debug|x86.Build.0 = Debug|x86
		{038291EA-4F1A-48A7-9484-4EC9C9A77A87}.Debug|x86.Deploy.0 = Debug|x86
		{038291EA-4F1A-48A7-9484-4EC9C9A77A87}.Release|Any CPU.ActiveCfg = Release|Any CPU
		{038291EA-4F1A-48A7-9484-4EC9C9A77A87}.Release|Any CPU.Build.0 = Release|Any CPU
		{038291EA-4F1A-48A7-9484-4EC9C9A77A87}.Release|Any CPU.Deploy.0 = Release|Any CPU
		{038291EA-4F1A-48A7-9484-4EC9C9A77A87}.Release|ARM.ActiveCfg = Release|ARM
		{038291EA-4F1A-48A7-9484-4EC9C9A77A87}.Release|ARM.Build.0 = Release|ARM
		{038291EA-4F1A-48A7-9484-4EC9C9A77A87}.Release|ARM.Deploy.0 = Release|ARM
		{038291EA-4F1A-48A7-9484-4EC9C9A77A87}.Release|iPhone.ActiveCfg = Release|Any CPU
		{038291EA-4F1A-48A7-9484-4EC9C9A77A87}.Release|iPhone.Build.0 = Release|Any CPU
		{038291EA-4F1A-48A7-9484-4EC9C9A77A87}.Release|iPhone.Deploy.0 = Release|Any CPU
		{038291EA-4F1A-48A7-9484-4EC9C9A77A87}.Release|iPhoneSimulator.ActiveCfg = Release|Any CPU
		{038291EA-4F1A-48A7-9484-4EC9C9A77A87}.Release|iPhoneSimulator.Build.0 = Release|Any CPU
		{038291EA-4F1A-48A7-9484-4EC9C9A77A87}.Release|iPhoneSimulator.Deploy.0 = Release|Any CPU
		{038291EA-4F1A-48A7-9484-4EC9C9A77A87}.Release|x64.ActiveCfg = Release|Any CPU
		{038291EA-4F1A-48A7-9484-4EC9C9A77A87}.Release|x64.Build.0 = Release|Any CPU
		{038291EA-4F1A-48A7-9484-4EC9C9A77A87}.Release|x64.Deploy.0 = Release|Any CPU
		{038291EA-4F1A-48A7-9484-4EC9C9A77A87}.Release|x86.ActiveCfg = Release|x86
		{038291EA-4F1A-48A7-9484-4EC9C9A77A87}.Release|x86.Build.0 = Release|x86
		{038291EA-4F1A-48A7-9484-4EC9C9A77A87}.Release|x86.Deploy.0 = Release|x86
		{74C4795C-CAD8-42E8-A678-8B5A614799D7}.Ad-Hoc|Any CPU.ActiveCfg = Release|Any CPU
		{74C4795C-CAD8-42E8-A678-8B5A614799D7}.Ad-Hoc|Any CPU.Build.0 = Release|Any CPU
		{74C4795C-CAD8-42E8-A678-8B5A614799D7}.Ad-Hoc|Any CPU.Deploy.0 = Release|Any CPU
		{74C4795C-CAD8-42E8-A678-8B5A614799D7}.Ad-Hoc|ARM.ActiveCfg = Release|ARM
		{74C4795C-CAD8-42E8-A678-8B5A614799D7}.Ad-Hoc|ARM.Build.0 = Release|ARM
		{74C4795C-CAD8-42E8-A678-8B5A614799D7}.Ad-Hoc|ARM.Deploy.0 = Release|ARM
		{74C4795C-CAD8-42E8-A678-8B5A614799D7}.Ad-Hoc|iPhone.ActiveCfg = Release|Any CPU
		{74C4795C-CAD8-42E8-A678-8B5A614799D7}.Ad-Hoc|iPhone.Build.0 = Release|Any CPU
		{74C4795C-CAD8-42E8-A678-8B5A614799D7}.Ad-Hoc|iPhone.Deploy.0 = Release|Any CPU
		{74C4795C-CAD8-42E8-A678-8B5A614799D7}.Ad-Hoc|iPhoneSimulator.ActiveCfg = Release|Any CPU
		{74C4795C-CAD8-42E8-A678-8B5A614799D7}.Ad-Hoc|iPhoneSimulator.Build.0 = Release|Any CPU
		{74C4795C-CAD8-42E8-A678-8B5A614799D7}.Ad-Hoc|iPhoneSimulator.Deploy.0 = Release|Any CPU
		{74C4795C-CAD8-42E8-A678-8B5A614799D7}.Ad-Hoc|x64.ActiveCfg = Release|x64
		{74C4795C-CAD8-42E8-A678-8B5A614799D7}.Ad-Hoc|x64.Build.0 = Release|x64
		{74C4795C-CAD8-42E8-A678-8B5A614799D7}.Ad-Hoc|x64.Deploy.0 = Release|x64
		{74C4795C-CAD8-42E8-A678-8B5A614799D7}.Ad-Hoc|x86.ActiveCfg = Release|x86
		{74C4795C-CAD8-42E8-A678-8B5A614799D7}.Ad-Hoc|x86.Build.0 = Release|x86
		{74C4795C-CAD8-42E8-A678-8B5A614799D7}.Ad-Hoc|x86.Deploy.0 = Release|x86
		{74C4795C-CAD8-42E8-A678-8B5A614799D7}.AppStore|Any CPU.ActiveCfg = Release|Any CPU
		{74C4795C-CAD8-42E8-A678-8B5A614799D7}.AppStore|Any CPU.Build.0 = Release|Any CPU
		{74C4795C-CAD8-42E8-A678-8B5A614799D7}.AppStore|Any CPU.Deploy.0 = Release|Any CPU
		{74C4795C-CAD8-42E8-A678-8B5A614799D7}.AppStore|ARM.ActiveCfg = Release|ARM
		{74C4795C-CAD8-42E8-A678-8B5A614799D7}.AppStore|ARM.Build.0 = Release|ARM
		{74C4795C-CAD8-42E8-A678-8B5A614799D7}.AppStore|ARM.Deploy.0 = Release|ARM
		{74C4795C-CAD8-42E8-A678-8B5A614799D7}.AppStore|iPhone.ActiveCfg = Release|Any CPU
		{74C4795C-CAD8-42E8-A678-8B5A614799D7}.AppStore|iPhone.Build.0 = Release|Any CPU
		{74C4795C-CAD8-42E8-A678-8B5A614799D7}.AppStore|iPhone.Deploy.0 = Release|Any CPU
		{74C4795C-CAD8-42E8-A678-8B5A614799D7}.AppStore|iPhoneSimulator.ActiveCfg = Release|Any CPU
		{74C4795C-CAD8-42E8-A678-8B5A614799D7}.AppStore|iPhoneSimulator.Build.0 = Release|Any CPU
		{74C4795C-CAD8-42E8-A678-8B5A614799D7}.AppStore|iPhoneSimulator.Deploy.0 = Release|Any CPU
		{74C4795C-CAD8-42E8-A678-8B5A614799D7}.AppStore|x64.ActiveCfg = Release|x64
		{74C4795C-CAD8-42E8-A678-8B5A614799D7}.AppStore|x64.Build.0 = Release|x64
		{74C4795C-CAD8-42E8-A678-8B5A614799D7}.AppStore|x64.Deploy.0 = Release|x64
		{74C4795C-CAD8-42E8-A678-8B5A614799D7}.AppStore|x86.ActiveCfg = Release|x86
		{74C4795C-CAD8-42E8-A678-8B5A614799D7}.AppStore|x86.Build.0 = Release|x86
		{74C4795C-CAD8-42E8-A678-8B5A614799D7}.AppStore|x86.Deploy.0 = Release|x86
		{74C4795C-CAD8-42E8-A678-8B5A614799D7}.Debug|Any CPU.ActiveCfg = Debug|Any CPU
		{74C4795C-CAD8-42E8-A678-8B5A614799D7}.Debug|Any CPU.Build.0 = Debug|Any CPU
		{74C4795C-CAD8-42E8-A678-8B5A614799D7}.Debug|Any CPU.Deploy.0 = Debug|Any CPU
		{74C4795C-CAD8-42E8-A678-8B5A614799D7}.Debug|ARM.ActiveCfg = Debug|ARM
		{74C4795C-CAD8-42E8-A678-8B5A614799D7}.Debug|ARM.Build.0 = Debug|ARM
		{74C4795C-CAD8-42E8-A678-8B5A614799D7}.Debug|ARM.Deploy.0 = Debug|ARM
		{74C4795C-CAD8-42E8-A678-8B5A614799D7}.Debug|iPhone.ActiveCfg = Debug|Any CPU
		{74C4795C-CAD8-42E8-A678-8B5A614799D7}.Debug|iPhone.Build.0 = Debug|Any CPU
		{74C4795C-CAD8-42E8-A678-8B5A614799D7}.Debug|iPhone.Deploy.0 = Debug|Any CPU
		{74C4795C-CAD8-42E8-A678-8B5A614799D7}.Debug|iPhoneSimulator.ActiveCfg = Debug|Any CPU
		{74C4795C-CAD8-42E8-A678-8B5A614799D7}.Debug|iPhoneSimulator.Build.0 = Debug|Any CPU
		{74C4795C-CAD8-42E8-A678-8B5A614799D7}.Debug|iPhoneSimulator.Deploy.0 = Debug|Any CPU
		{74C4795C-CAD8-42E8-A678-8B5A614799D7}.Debug|x64.ActiveCfg = Debug|x64
		{74C4795C-CAD8-42E8-A678-8B5A614799D7}.Debug|x64.Build.0 = Debug|x64
		{74C4795C-CAD8-42E8-A678-8B5A614799D7}.Debug|x64.Deploy.0 = Debug|x64
		{74C4795C-CAD8-42E8-A678-8B5A614799D7}.Debug|x86.ActiveCfg = Debug|x86
		{74C4795C-CAD8-42E8-A678-8B5A614799D7}.Debug|x86.Build.0 = Debug|x86
		{74C4795C-CAD8-42E8-A678-8B5A614799D7}.Debug|x86.Deploy.0 = Debug|x86
		{74C4795C-CAD8-42E8-A678-8B5A614799D7}.Release|Any CPU.ActiveCfg = Release|Any CPU
		{74C4795C-CAD8-42E8-A678-8B5A614799D7}.Release|Any CPU.Build.0 = Release|Any CPU
		{74C4795C-CAD8-42E8-A678-8B5A614799D7}.Release|Any CPU.Deploy.0 = Release|Any CPU
		{74C4795C-CAD8-42E8-A678-8B5A614799D7}.Release|ARM.ActiveCfg = Release|ARM
		{74C4795C-CAD8-42E8-A678-8B5A614799D7}.Release|ARM.Build.0 = Release|ARM
		{74C4795C-CAD8-42E8-A678-8B5A614799D7}.Release|ARM.Deploy.0 = Release|ARM
		{74C4795C-CAD8-42E8-A678-8B5A614799D7}.Release|iPhone.ActiveCfg = Release|Any CPU
		{74C4795C-CAD8-42E8-A678-8B5A614799D7}.Release|iPhone.Build.0 = Release|Any CPU
		{74C4795C-CAD8-42E8-A678-8B5A614799D7}.Release|iPhone.Deploy.0 = Release|Any CPU
		{74C4795C-CAD8-42E8-A678-8B5A614799D7}.Release|iPhoneSimulator.ActiveCfg = Release|Any CPU
		{74C4795C-CAD8-42E8-A678-8B5A614799D7}.Release|iPhoneSimulator.Build.0 = Release|Any CPU
		{74C4795C-CAD8-42E8-A678-8B5A614799D7}.Release|iPhoneSimulator.Deploy.0 = Release|Any CPU
		{74C4795C-CAD8-42E8-A678-8B5A614799D7}.Release|x64.ActiveCfg = Release|x64
		{74C4795C-CAD8-42E8-A678-8B5A614799D7}.Release|x64.Build.0 = Release|x64
		{74C4795C-CAD8-42E8-A678-8B5A614799D7}.Release|x64.Deploy.0 = Release|x64
		{74C4795C-CAD8-42E8-A678-8B5A614799D7}.Release|x86.ActiveCfg = Release|x86
		{74C4795C-CAD8-42E8-A678-8B5A614799D7}.Release|x86.Build.0 = Release|x86
		{74C4795C-CAD8-42E8-A678-8B5A614799D7}.Release|x86.Deploy.0 = Release|x86
	EndGlobalSection
	GlobalSection(SolutionProperties) = preSolution
		HideSolutionNode = FALSE
	EndGlobalSection
EndGlobal
